// !$*UTF8*$!
{
	archiveVersion = 1;
	classes = {
	};
	objectVersion = 51;
	objects = {

/* Begin PBXBuildFile section */
		6614F1F624D34A6B00B2D809 /* AppDelegate.swift in Sources */ = {isa = PBXBuildFile; fileRef = 6614F1F524D34A6B00B2D809 /* AppDelegate.swift */; };
		6614F1F824D34A6B00B2D809 /* SceneDelegate.swift in Sources */ = {isa = PBXBuildFile; fileRef = 6614F1F724D34A6B00B2D809 /* SceneDelegate.swift */; };
		6614F1FA24D34A6B00B2D809 /* ViewController.swift in Sources */ = {isa = PBXBuildFile; fileRef = 6614F1F924D34A6B00B2D809 /* ViewController.swift */; };
		6614F1FD24D34A6B00B2D809 /* Main.storyboard in Resources */ = {isa = PBXBuildFile; fileRef = 6614F1FB24D34A6B00B2D809 /* Main.storyboard */; };
		6614F1FF24D34A7100B2D809 /* Assets.xcassets in Resources */ = {isa = PBXBuildFile; fileRef = 6614F1FE24D34A7100B2D809 /* Assets.xcassets */; };
		6614F20224D34A7100B2D809 /* LaunchScreen.storyboard in Resources */ = {isa = PBXBuildFile; fileRef = 6614F20024D34A7100B2D809 /* LaunchScreen.storyboard */; };
		6614F20D24D34A7200B2D809 /* WMTestTests.swift in Sources */ = {isa = PBXBuildFile; fileRef = 6614F20C24D34A7200B2D809 /* WMTestTests.swift */; };
		6614F21F24D36D1300B2D809 /* ApiService.swift in Sources */ = {isa = PBXBuildFile; fileRef = 6614F21E24D36D1300B2D809 /* ApiService.swift */; };
		66FB9B6E24D380F600A21420 /* StoreLocationResponse.swift in Sources */ = {isa = PBXBuildFile; fileRef = 66FB9B6D24D380F600A21420 /* StoreLocationResponse.swift */; };
		66FB9B7124D3ADA200A21420 /* StoreAddressViewModel.swift in Sources */ = {isa = PBXBuildFile; fileRef = 66FB9B7024D3ADA200A21420 /* StoreAddressViewModel.swift */; };
		66FB9B7424D3B72D00A21420 /* DetailViewController.swift in Sources */ = {isa = PBXBuildFile; fileRef = 66FB9B7324D3B72D00A21420 /* DetailViewController.swift */; };
		66FB9B7624D3BB5200A21420 /* ConfigsViewController.swift in Sources */ = {isa = PBXBuildFile; fileRef = 66FB9B7524D3BB5200A21420 /* ConfigsViewController.swift */; };
		CA5B889B2A0C4BA4A990B746 /* Pods_WMTest.framework in Frameworks */ = {isa = PBXBuildFile; fileRef = 83E40C27F98F47451ABD24A9 /* Pods_WMTest.framework */; };
		E184AAA0B4EB2A4EF97F7FB5 /* Pods_WMTestTests.framework in Frameworks */ = {isa = PBXBuildFile; fileRef = AD4D1D05DED12CE875A0771E /* Pods_WMTestTests.framework */; };
/* End PBXBuildFile section */

/* Begin PBXContainerItemProxy section */
		6614F20924D34A7100B2D809 /* PBXContainerItemProxy */ = {
			isa = PBXContainerItemProxy;
			containerPortal = 6614F1EA24D34A6B00B2D809 /* Project object */;
			proxyType = 1;
			remoteGlobalIDString = 6614F1F124D34A6B00B2D809;
			remoteInfo = WMTest;
		};
/* End PBXContainerItemProxy section */

/* Begin PBXFileReference section */
		21E460DB45E517BA94C2180B /* Pods-WMTestTests.debug.xcconfig */ = {isa = PBXFileReference; includeInIndex = 1; lastKnownFileType = text.xcconfig; name = "Pods-WMTestTests.debug.xcconfig"; path = "Target Support Files/Pods-WMTestTests/Pods-WMTestTests.debug.xcconfig"; sourceTree = "<group>"; };
		56DF493AB97C2E46342254BE /* Pods-WMTest.debug.xcconfig */ = {isa = PBXFileReference; includeInIndex = 1; lastKnownFileType = text.xcconfig; name = "Pods-WMTest.debug.xcconfig"; path = "Target Support Files/Pods-WMTest/Pods-WMTest.debug.xcconfig"; sourceTree = "<group>"; };
		6614F1F224D34A6B00B2D809 /* WMTest.app */ = {isa = PBXFileReference; explicitFileType = wrapper.application; includeInIndex = 0; path = WMTest.app; sourceTree = BUILT_PRODUCTS_DIR; };
		6614F1F524D34A6B00B2D809 /* AppDelegate.swift */ = {isa = PBXFileReference; lastKnownFileType = sourcecode.swift; path = AppDelegate.swift; sourceTree = "<group>"; };
		6614F1F724D34A6B00B2D809 /* SceneDelegate.swift */ = {isa = PBXFileReference; lastKnownFileType = sourcecode.swift; path = SceneDelegate.swift; sourceTree = "<group>"; };
		6614F1F924D34A6B00B2D809 /* ViewController.swift */ = {isa = PBXFileReference; lastKnownFileType = sourcecode.swift; path = ViewController.swift; sourceTree = "<group>"; };
		6614F1FC24D34A6B00B2D809 /* Base */ = {isa = PBXFileReference; lastKnownFileType = file.storyboard; name = Base; path = Base.lproj/Main.storyboard; sourceTree = "<group>"; };
		6614F1FE24D34A7100B2D809 /* Assets.xcassets */ = {isa = PBXFileReference; lastKnownFileType = folder.assetcatalog; path = Assets.xcassets; sourceTree = "<group>"; };
		6614F20124D34A7100B2D809 /* Base */ = {isa = PBXFileReference; lastKnownFileType = file.storyboard; name = Base; path = Base.lproj/LaunchScreen.storyboard; sourceTree = "<group>"; };
		6614F20324D34A7100B2D809 /* Info.plist */ = {isa = PBXFileReference; lastKnownFileType = text.plist.xml; path = Info.plist; sourceTree = "<group>"; };
		6614F20824D34A7100B2D809 /* WMTestTests.xctest */ = {isa = PBXFileReference; explicitFileType = wrapper.cfbundle; includeInIndex = 0; path = WMTestTests.xctest; sourceTree = BUILT_PRODUCTS_DIR; };
		6614F20C24D34A7200B2D809 /* WMTestTests.swift */ = {isa = PBXFileReference; lastKnownFileType = sourcecode.swift; path = WMTestTests.swift; sourceTree = "<group>"; };
		6614F20E24D34A7200B2D809 /* Info.plist */ = {isa = PBXFileReference; lastKnownFileType = text.plist.xml; path = Info.plist; sourceTree = "<group>"; };
		6614F21E24D36D1300B2D809 /* ApiService.swift */ = {isa = PBXFileReference; lastKnownFileType = sourcecode.swift; path = ApiService.swift; sourceTree = "<group>"; };
		66FB9B6D24D380F600A21420 /* StoreLocationResponse.swift */ = {isa = PBXFileReference; fileEncoding = 4; lastKnownFileType = sourcecode.swift; path = StoreLocationResponse.swift; sourceTree = "<group>"; };
		66FB9B7024D3ADA200A21420 /* StoreAddressViewModel.swift */ = {isa = PBXFileReference; lastKnownFileType = sourcecode.swift; path = StoreAddressViewModel.swift; sourceTree = "<group>"; };
		66FB9B7324D3B72D00A21420 /* DetailViewController.swift */ = {isa = PBXFileReference; lastKnownFileType = sourcecode.swift; path = DetailViewController.swift; sourceTree = "<group>"; };
		66FB9B7524D3BB5200A21420 /* ConfigsViewController.swift */ = {isa = PBXFileReference; lastKnownFileType = sourcecode.swift; path = ConfigsViewController.swift; sourceTree = "<group>"; };
		7103878F2A3A775BBF2AF354 /* Pods-WMTestTests.release.xcconfig */ = {isa = PBXFileReference; includeInIndex = 1; lastKnownFileType = text.xcconfig; name = "Pods-WMTestTests.release.xcconfig"; path = "Target Support Files/Pods-WMTestTests/Pods-WMTestTests.release.xcconfig"; sourceTree = "<group>"; };
		83E40C27F98F47451ABD24A9 /* Pods_WMTest.framework */ = {isa = PBXFileReference; explicitFileType = wrapper.framework; includeInIndex = 0; path = Pods_WMTest.framework; sourceTree = BUILT_PRODUCTS_DIR; };
		AD4D1D05DED12CE875A0771E /* Pods_WMTestTests.framework */ = {isa = PBXFileReference; explicitFileType = wrapper.framework; includeInIndex = 0; path = Pods_WMTestTests.framework; sourceTree = BUILT_PRODUCTS_DIR; };
		BA7E9EAEE608DB2F99F675E2 /* Pods-WMTest.release.xcconfig */ = {isa = PBXFileReference; includeInIndex = 1; lastKnownFileType = text.xcconfig; name = "Pods-WMTest.release.xcconfig"; path = "Target Support Files/Pods-WMTest/Pods-WMTest.release.xcconfig"; sourceTree = "<group>"; };
/* End PBXFileReference section */

/* Begin PBXFrameworksBuildPhase section */
		6614F1EF24D34A6B00B2D809 /* Frameworks */ = {
			isa = PBXFrameworksBuildPhase;
			buildActionMask = 2147483647;
			files = (
				CA5B889B2A0C4BA4A990B746 /* Pods_WMTest.framework in Frameworks */,
			);
			runOnlyForDeploymentPostprocessing = 0;
		};
		6614F20524D34A7100B2D809 /* Frameworks */ = {
			isa = PBXFrameworksBuildPhase;
			buildActionMask = 2147483647;
			files = (
				E184AAA0B4EB2A4EF97F7FB5 /* Pods_WMTestTests.framework in Frameworks */,
			);
			runOnlyForDeploymentPostprocessing = 0;
		};
/* End PBXFrameworksBuildPhase section */

/* Begin PBXGroup section */
		37126A69E53ED5D747B9ECA9 /* Pods */ = {
			isa = PBXGroup;
			children = (
				56DF493AB97C2E46342254BE /* Pods-WMTest.debug.xcconfig */,
				BA7E9EAEE608DB2F99F675E2 /* Pods-WMTest.release.xcconfig */,
				21E460DB45E517BA94C2180B /* Pods-WMTestTests.debug.xcconfig */,
				7103878F2A3A775BBF2AF354 /* Pods-WMTestTests.release.xcconfig */,
			);
			path = Pods;
			sourceTree = "<group>";
		};
		6614F1E924D34A6B00B2D809 = {
			isa = PBXGroup;
			children = (
				6614F1F424D34A6B00B2D809 /* WMTest */,
				6614F20B24D34A7100B2D809 /* WMTestTests */,
				6614F1F324D34A6B00B2D809 /* Products */,
				37126A69E53ED5D747B9ECA9 /* Pods */,
				83C6130DA5B0188681AF1B81 /* Frameworks */,
			);
			sourceTree = "<group>";
		};
		6614F1F324D34A6B00B2D809 /* Products */ = {
			isa = PBXGroup;
			children = (
				6614F1F224D34A6B00B2D809 /* WMTest.app */,
				6614F20824D34A7100B2D809 /* WMTestTests.xctest */,
			);
			name = Products;
			sourceTree = "<group>";
		};
		6614F1F424D34A6B00B2D809 /* WMTest */ = {
			isa = PBXGroup;
			children = (
				66FB9B7224D3B70B00A21420 /* Controllers */,
				66FB9B6F24D385D300A21420 /* View */,
				66FB9B6C24D380F600A21420 /* Model */,
				6614F21D24D36D0000B2D809 /* ViewModel */,
				6614F21C24D36C5A00B2D809 /* APIService */,
				6614F1F524D34A6B00B2D809 /* AppDelegate.swift */,
				6614F1F724D34A6B00B2D809 /* SceneDelegate.swift */,
				6614F1FE24D34A7100B2D809 /* Assets.xcassets */,
				6614F20024D34A7100B2D809 /* LaunchScreen.storyboard */,
				6614F20324D34A7100B2D809 /* Info.plist */,
			);
			path = WMTest;
			sourceTree = "<group>";
		};
		6614F20B24D34A7100B2D809 /* WMTestTests */ = {
			isa = PBXGroup;
			children = (
				6614F20C24D34A7200B2D809 /* WMTestTests.swift */,
				6614F20E24D34A7200B2D809 /* Info.plist */,
			);
			path = WMTestTests;
			sourceTree = "<group>";
		};
		6614F21C24D36C5A00B2D809 /* APIService */ = {
			isa = PBXGroup;
			children = (
				6614F21E24D36D1300B2D809 /* ApiService.swift */,
			);
			path = APIService;
			sourceTree = "<group>";
		};
		6614F21D24D36D0000B2D809 /* ViewModel */ = {
			isa = PBXGroup;
			children = (
				66FB9B7024D3ADA200A21420 /* StoreAddressViewModel.swift */,
			);
			path = ViewModel;
			sourceTree = "<group>";
		};
		66FB9B6C24D380F600A21420 /* Model */ = {
			isa = PBXGroup;
			children = (
				66FB9B6D24D380F600A21420 /* StoreLocationResponse.swift */,
			);
			path = Model;
			sourceTree = "<group>";
		};
		66FB9B6F24D385D300A21420 /* View */ = {
			isa = PBXGroup;
			children = (
				6614F1FB24D34A6B00B2D809 /* Main.storyboard */,
			);
			path = View;
			sourceTree = "<group>";
		};
		66FB9B7224D3B70B00A21420 /* Controllers */ = {
			isa = PBXGroup;
			children = (
				6614F1F924D34A6B00B2D809 /* ViewController.swift */,
				66FB9B7324D3B72D00A21420 /* DetailViewController.swift */,
				66FB9B7524D3BB5200A21420 /* ConfigsViewController.swift */,
			);
			path = Controllers;
			sourceTree = "<group>";
		};
		83C6130DA5B0188681AF1B81 /* Frameworks */ = {
			isa = PBXGroup;
			children = (
				83E40C27F98F47451ABD24A9 /* Pods_WMTest.framework */,
				AD4D1D05DED12CE875A0771E /* Pods_WMTestTests.framework */,
			);
			name = Frameworks;
			sourceTree = "<group>";
		};
/* End PBXGroup section */

/* Begin PBXNativeTarget section */
		6614F1F124D34A6B00B2D809 /* WMTest */ = {
			isa = PBXNativeTarget;
			buildConfigurationList = 6614F21124D34A7200B2D809 /* Build configuration list for PBXNativeTarget "WMTest" */;
			buildPhases = (
				02E55BA61D0C0F050614406F /* [CP] Check Pods Manifest.lock */,
				6614F1EE24D34A6B00B2D809 /* Sources */,
				6614F1EF24D34A6B00B2D809 /* Frameworks */,
				6614F1F024D34A6B00B2D809 /* Resources */,
				1F8711B50803A0BC24227894 /* [CP] Embed Pods Frameworks */,
			);
			buildRules = (
			);
			dependencies = (
			);
			name = WMTest;
			productName = WMTest;
			productReference = 6614F1F224D34A6B00B2D809 /* WMTest.app */;
			productType = "com.apple.product-type.application";
		};
		6614F20724D34A7100B2D809 /* WMTestTests */ = {
			isa = PBXNativeTarget;
			buildConfigurationList = 6614F21424D34A7200B2D809 /* Build configuration list for PBXNativeTarget "WMTestTests" */;
			buildPhases = (
				AC40C7EBDBCE5AEC329B03C1 /* [CP] Check Pods Manifest.lock */,
				6614F20424D34A7100B2D809 /* Sources */,
				6614F20524D34A7100B2D809 /* Frameworks */,
				6614F20624D34A7100B2D809 /* Resources */,
			);
			buildRules = (
			);
			dependencies = (
				6614F20A24D34A7100B2D809 /* PBXTargetDependency */,
			);
			name = WMTestTests;
			productName = WMTestTests;
			productReference = 6614F20824D34A7100B2D809 /* WMTestTests.xctest */;
			productType = "com.apple.product-type.bundle.unit-test";
		};
/* End PBXNativeTarget section */

/* Begin PBXProject section */
		6614F1EA24D34A6B00B2D809 /* Project object */ = {
			isa = PBXProject;
			attributes = {
				LastSwiftUpdateCheck = 1160;
				LastUpgradeCheck = 1160;
				ORGANIZATIONNAME = JCG;
				TargetAttributes = {
					6614F1F124D34A6B00B2D809 = {
						CreatedOnToolsVersion = 11.6;
					};
					6614F20724D34A7100B2D809 = {
						CreatedOnToolsVersion = 11.6;
						TestTargetID = 6614F1F124D34A6B00B2D809;
					};
				};
			};
			buildConfigurationList = 6614F1ED24D34A6B00B2D809 /* Build configuration list for PBXProject "WMTest" */;
			compatibilityVersion = "Xcode 9.3";
			developmentRegion = en;
			hasScannedForEncodings = 0;
			knownRegions = (
				en,
				Base,
			);
			mainGroup = 6614F1E924D34A6B00B2D809;
			productRefGroup = 6614F1F324D34A6B00B2D809 /* Products */;
			projectDirPath = "";
			projectRoot = "";
			targets = (
				6614F1F124D34A6B00B2D809 /* WMTest */,
				6614F20724D34A7100B2D809 /* WMTestTests */,
			);
		};
/* End PBXProject section */

/* Begin PBXResourcesBuildPhase section */
		6614F1F024D34A6B00B2D809 /* Resources */ = {
			isa = PBXResourcesBuildPhase;
			buildActionMask = 2147483647;
			files = (
				6614F20224D34A7100B2D809 /* LaunchScreen.storyboard in Resources */,
				6614F1FF24D34A7100B2D809 /* Assets.xcassets in Resources */,
				6614F1FD24D34A6B00B2D809 /* Main.storyboard in Resources */,
			);
			runOnlyForDeploymentPostprocessing = 0;
		};
		6614F20624D34A7100B2D809 /* Resources */ = {
			isa = PBXResourcesBuildPhase;
			buildActionMask = 2147483647;
			files = (
			);
			runOnlyForDeploymentPostprocessing = 0;
		};
/* End PBXResourcesBuildPhase section */

/* Begin PBXShellScriptBuildPhase section */
		02E55BA61D0C0F050614406F /* [CP] Check Pods Manifest.lock */ = {
			isa = PBXShellScriptBuildPhase;
			buildActionMask = 2147483647;
			files = (
			);
			inputFileListPaths = (
			);
			inputPaths = (
				"${PODS_PODFILE_DIR_PATH}/Podfile.lock",
				"${PODS_ROOT}/Manifest.lock",
			);
			name = "[CP] Check Pods Manifest.lock";
			outputFileListPaths = (
			);
			outputPaths = (
				"$(DERIVED_FILE_DIR)/Pods-WMTest-checkManifestLockResult.txt",
			);
			runOnlyForDeploymentPostprocessing = 0;
			shellPath = /bin/sh;
			shellScript = "diff \"${PODS_PODFILE_DIR_PATH}/Podfile.lock\" \"${PODS_ROOT}/Manifest.lock\" > /dev/null\nif [ $? != 0 ] ; then\n    # print error to STDERR\n    echo \"error: The sandbox is not in sync with the Podfile.lock. Run 'pod install' or update your CocoaPods installation.\" >&2\n    exit 1\nfi\n# This output is used by Xcode 'outputs' to avoid re-running this script phase.\necho \"SUCCESS\" > \"${SCRIPT_OUTPUT_FILE_0}\"\n";
			showEnvVarsInLog = 0;
		};
		1F8711B50803A0BC24227894 /* [CP] Embed Pods Frameworks */ = {
			isa = PBXShellScriptBuildPhase;
			buildActionMask = 2147483647;
			files = (
			);
			inputFileListPaths = (
				"${PODS_ROOT}/Target Support Files/Pods-WMTest/Pods-WMTest-frameworks-${CONFIGURATION}-input-files.xcfilelist",
			);
			name = "[CP] Embed Pods Frameworks";
			outputFileListPaths = (
				"${PODS_ROOT}/Target Support Files/Pods-WMTest/Pods-WMTest-frameworks-${CONFIGURATION}-output-files.xcfilelist",
			);
			runOnlyForDeploymentPostprocessing = 0;
			shellPath = /bin/sh;
			shellScript = "\"${PODS_ROOT}/Target Support Files/Pods-WMTest/Pods-WMTest-frameworks.sh\"\n";
			showEnvVarsInLog = 0;
		};
		AC40C7EBDBCE5AEC329B03C1 /* [CP] Check Pods Manifest.lock */ = {
			isa = PBXShellScriptBuildPhase;
			buildActionMask = 2147483647;
			files = (
			);
			inputFileListPaths = (
			);
			inputPaths = (
				"${PODS_PODFILE_DIR_PATH}/Podfile.lock",
				"${PODS_ROOT}/Manifest.lock",
			);
			name = "[CP] Check Pods Manifest.lock";
			outputFileListPaths = (
			);
			outputPaths = (
				"$(DERIVED_FILE_DIR)/Pods-WMTestTests-checkManifestLockResult.txt",
			);
			runOnlyForDeploymentPostprocessing = 0;
			shellPath = /bin/sh;
			shellScript = "diff \"${PODS_PODFILE_DIR_PATH}/Podfile.lock\" \"${PODS_ROOT}/Manifest.lock\" > /dev/null\nif [ $? != 0 ] ; then\n    # print error to STDERR\n    echo \"error: The sandbox is not in sync with the Podfile.lock. Run 'pod install' or update your CocoaPods installation.\" >&2\n    exit 1\nfi\n# This output is used by Xcode 'outputs' to avoid re-running this script phase.\necho \"SUCCESS\" > \"${SCRIPT_OUTPUT_FILE_0}\"\n";
			showEnvVarsInLog = 0;
		};
/* End PBXShellScriptBuildPhase section */

/* Begin PBXSourcesBuildPhase section */
		6614F1EE24D34A6B00B2D809 /* Sources */ = {
			isa = PBXSourcesBuildPhase;
			buildActionMask = 2147483647;
			files = (
				6614F1FA24D34A6B00B2D809 /* ViewController.swift in Sources */,
				66FB9B7124D3ADA200A21420 /* StoreAddressViewModel.swift in Sources */,
				6614F1F624D34A6B00B2D809 /* AppDelegate.swift in Sources */,
				6614F21F24D36D1300B2D809 /* ApiService.swift in Sources */,
				66FB9B6E24D380F600A21420 /* StoreLocationResponse.swift in Sources */,
				6614F1F824D34A6B00B2D809 /* SceneDelegate.swift in Sources */,
				66FB9B7624D3BB5200A21420 /* ConfigsViewController.swift in Sources */,
				66FB9B7424D3B72D00A21420 /* DetailViewController.swift in Sources */,
			);
			runOnlyForDeploymentPostprocessing = 0;
		};
		6614F20424D34A7100B2D809 /* Sources */ = {
			isa = PBXSourcesBuildPhase;
			buildActionMask = 2147483647;
			files = (
				6614F20D24D34A7200B2D809 /* WMTestTests.swift in Sources */,
			);
			runOnlyForDeploymentPostprocessing = 0;
		};
/* End PBXSourcesBuildPhase section */

/* Begin PBXTargetDependency section */
		6614F20A24D34A7100B2D809 /* PBXTargetDependency */ = {
			isa = PBXTargetDependency;
			target = 6614F1F124D34A6B00B2D809 /* WMTest */;
			targetProxy = 6614F20924D34A7100B2D809 /* PBXContainerItemProxy */;
		};
/* End PBXTargetDependency section */

/* Begin PBXVariantGroup section */
		6614F1FB24D34A6B00B2D809 /* Main.storyboard */ = {
			isa = PBXVariantGroup;
			children = (
				6614F1FC24D34A6B00B2D809 /* Base */,
			);
			name = Main.storyboard;
			sourceTree = "<group>";
		};
		6614F20024D34A7100B2D809 /* LaunchScreen.storyboard */ = {
			isa = PBXVariantGroup;
			children = (
				6614F20124D34A7100B2D809 /* Base */,
			);
			name = LaunchScreen.storyboard;
			sourceTree = "<group>";
		};
/* End PBXVariantGroup section */

/* Begin XCBuildConfiguration section */
		6614F20F24D34A7200B2D809 /* Debug */ = {
			isa = XCBuildConfiguration;
			buildSettings = {
				ALWAYS_SEARCH_USER_PATHS = NO;
				CLANG_ANALYZER_NONNULL = YES;
				CLANG_ANALYZER_NUMBER_OBJECT_CONVERSION = YES_AGGRESSIVE;
				CLANG_CXX_LANGUAGE_STANDARD = "gnu++14";
				CLANG_CXX_LIBRARY = "libc++";
				CLANG_ENABLE_MODULES = YES;
				CLANG_ENABLE_OBJC_ARC = YES;
				CLANG_ENABLE_OBJC_WEAK = YES;
				CLANG_WARN_BLOCK_CAPTURE_AUTORELEASING = YES;
				CLANG_WARN_BOOL_CONVERSION = YES;
				CLANG_WARN_COMMA = YES;
				CLANG_WARN_CONSTANT_CONVERSION = YES;
				CLANG_WARN_DEPRECATED_OBJC_IMPLEMENTATIONS = YES;
				CLANG_WARN_DIRECT_OBJC_ISA_USAGE = YES_ERROR;
				CLANG_WARN_DOCUMENTATION_COMMENTS = YES;
				CLANG_WARN_EMPTY_BODY = YES;
				CLANG_WARN_ENUM_CONVERSION = YES;
				CLANG_WARN_INFINITE_RECURSION = YES;
				CLANG_WARN_INT_CONVERSION = YES;
				CLANG_WARN_NON_LITERAL_NULL_CONVERSION = YES;
				CLANG_WARN_OBJC_IMPLICIT_RETAIN_SELF = YES;
				CLANG_WARN_OBJC_LITERAL_CONVERSION = YES;
				CLANG_WARN_OBJC_ROOT_CLASS = YES_ERROR;
				CLANG_WARN_RANGE_LOOP_ANALYSIS = YES;
				CLANG_WARN_STRICT_PROTOTYPES = YES;
				CLANG_WARN_SUSPICIOUS_MOVE = YES;
				CLANG_WARN_UNGUARDED_AVAILABILITY = YES_AGGRESSIVE;
				CLANG_WARN_UNREACHABLE_CODE = YES;
				CLANG_WARN__DUPLICATE_METHOD_MATCH = YES;
				COPY_PHASE_STRIP = NO;
				DEBUG_INFORMATION_FORMAT = dwarf;
				ENABLE_STRICT_OBJC_MSGSEND = YES;
				ENABLE_TESTABILITY = YES;
				GCC_C_LANGUAGE_STANDARD = gnu11;
				GCC_DYNAMIC_NO_PIC = NO;
				GCC_NO_COMMON_BLOCKS = YES;
				GCC_OPTIMIZATION_LEVEL = 0;
				GCC_PREPROCESSOR_DEFINITIONS = (
					"DEBUG=1",
					"$(inherited)",
				);
				GCC_WARN_64_TO_32_BIT_CONVERSION = YES;
				GCC_WARN_ABOUT_RETURN_TYPE = YES_ERROR;
				GCC_WARN_UNDECLARED_SELECTOR = YES;
				GCC_WARN_UNINITIALIZED_AUTOS = YES_AGGRESSIVE;
				GCC_WARN_UNUSED_FUNCTION = YES;
				GCC_WARN_UNUSED_VARIABLE = YES;
				IPHONEOS_DEPLOYMENT_TARGET = 13.6;
				MTL_ENABLE_DEBUG_INFO = INCLUDE_SOURCE;
				MTL_FAST_MATH = YES;
				ONLY_ACTIVE_ARCH = YES;
				SDKROOT = iphoneos;
				SWIFT_ACTIVE_COMPILATION_CONDITIONS = DEBUG;
				SWIFT_OPTIMIZATION_LEVEL = "-Onone";
			};
			name = Debug;
		};
		6614F21024D34A7200B2D809 /* Release */ = {
			isa = XCBuildConfiguration;
			buildSettings = {
				ALWAYS_SEARCH_USER_PATHS = NO;
				CLANG_ANALYZER_NONNULL = YES;
				CLANG_ANALYZER_NUMBER_OBJECT_CONVERSION = YES_AGGRESSIVE;
				CLANG_CXX_LANGUAGE_STANDARD = "gnu++14";
				CLANG_CXX_LIBRARY = "libc++";
				CLANG_ENABLE_MODULES = YES;
				CLANG_ENABLE_OBJC_ARC = YES;
				CLANG_ENABLE_OBJC_WEAK = YES;
				CLANG_WARN_BLOCK_CAPTURE_AUTORELEASING = YES;
				CLANG_WARN_BOOL_CONVERSION = YES;
				CLANG_WARN_COMMA = YES;
				CLANG_WARN_CONSTANT_CONVERSION = YES;
				CLANG_WARN_DEPRECATED_OBJC_IMPLEMENTATIONS = YES;
				CLANG_WARN_DIRECT_OBJC_ISA_USAGE = YES_ERROR;
				CLANG_WARN_DOCUMENTATION_COMMENTS = YES;
				CLANG_WARN_EMPTY_BODY = YES;
				CLANG_WARN_ENUM_CONVERSION = YES;
				CLANG_WARN_INFINITE_RECURSION = YES;
				CLANG_WARN_INT_CONVERSION = YES;
				CLANG_WARN_NON_LITERAL_NULL_CONVERSION = YES;
				CLANG_WARN_OBJC_IMPLICIT_RETAIN_SELF = YES;
				CLANG_WARN_OBJC_LITERAL_CONVERSION = YES;
				CLANG_WARN_OBJC_ROOT_CLASS = YES_ERROR;
				CLANG_WARN_RANGE_LOOP_ANALYSIS = YES;
				CLANG_WARN_STRICT_PROTOTYPES = YES;
				CLANG_WARN_SUSPICIOUS_MOVE = YES;
				CLANG_WARN_UNGUARDED_AVAILABILITY = YES_AGGRESSIVE;
				CLANG_WARN_UNREACHABLE_CODE = YES;
				CLANG_WARN__DUPLICATE_METHOD_MATCH = YES;
				COPY_PHASE_STRIP = NO;
				DEBUG_INFORMATION_FORMAT = "dwarf-with-dsym";
				ENABLE_NS_ASSERTIONS = NO;
				ENABLE_STRICT_OBJC_MSGSEND = YES;
				GCC_C_LANGUAGE_STANDARD = gnu11;
				GCC_NO_COMMON_BLOCKS = YES;
				GCC_WARN_64_TO_32_BIT_CONVERSION = YES;
				GCC_WARN_ABOUT_RETURN_TYPE = YES_ERROR;
				GCC_WARN_UNDECLARED_SELECTOR = YES;
				GCC_WARN_UNINITIALIZED_AUTOS = YES_AGGRESSIVE;
				GCC_WARN_UNUSED_FUNCTION = YES;
				GCC_WARN_UNUSED_VARIABLE = YES;
				IPHONEOS_DEPLOYMENT_TARGET = 13.6;
				MTL_ENABLE_DEBUG_INFO = NO;
				MTL_FAST_MATH = YES;
				SDKROOT = iphoneos;
				SWIFT_COMPILATION_MODE = wholemodule;
				SWIFT_OPTIMIZATION_LEVEL = "-O";
				VALIDATE_PRODUCT = YES;
			};
			name = Release;
		};
		6614F21224D34A7200B2D809 /* Debug */ = {
			isa = XCBuildConfiguration;
			baseConfigurationReference = 56DF493AB97C2E46342254BE /* Pods-WMTest.debug.xcconfig */;
			buildSettings = {
				ASSETCATALOG_COMPILER_APPICON_NAME = AppIcon;
				CODE_SIGN_STYLE = Automatic;
				DEVELOPMENT_TEAM = 47588266MJ;
				INFOPLIST_FILE = WMTest/Info.plist;
				LD_RUNPATH_SEARCH_PATHS = (
					"$(inherited)",
					"@executable_path/Frameworks",
				);
				PRODUCT_BUNDLE_IDENTIFIER = mx.com.jcgm.WMTest;
				PRODUCT_NAME = "$(TARGET_NAME)";
				SWIFT_VERSION = 5.0;
				TARGETED_DEVICE_FAMILY = "1,2";
			};
			name = Debug;
		};
		6614F21324D34A7200B2D809 /* Release */ = {
			isa = XCBuildConfiguration;
			baseConfigurationReference = BA7E9EAEE608DB2F99F675E2 /* Pods-WMTest.release.xcconfig */;
			buildSettings = {
				ASSETCATALOG_COMPILER_APPICON_NAME = AppIcon;
				CODE_SIGN_STYLE = Automatic;
				DEVELOPMENT_TEAM = 47588266MJ;
				INFOPLIST_FILE = WMTest/Info.plist;
				LD_RUNPATH_SEARCH_PATHS = (
					"$(inherited)",
					"@executable_path/Frameworks",
				);
				PRODUCT_BUNDLE_IDENTIFIER = mx.com.jcgm.WMTest;
				PRODUCT_NAME = "$(TARGET_NAME)";
				SWIFT_VERSION = 5.0;
				TARGETED_DEVICE_FAMILY = "1,2";
			};
			name = Release;
		};
		6614F21524D34A7200B2D809 /* Debug */ = {
			isa = XCBuildConfiguration;
			baseConfigurationReference = 21E460DB45E517BA94C2180B /* Pods-WMTestTests.debug.xcconfig */;
			buildSettings = {
				ALWAYS_EMBED_SWIFT_STANDARD_LIBRARIES = YES;
				BUNDLE_LOADER = "$(TEST_HOST)";
				CODE_SIGN_STYLE = Automatic;
				DEVELOPMENT_TEAM = 47588266MJ;
				INFOPLIST_FILE = WMTestTests/Info.plist;
				IPHONEOS_DEPLOYMENT_TARGET = 13.6;
				LD_RUNPATH_SEARCH_PATHS = (
					"$(inherited)",
					"@executable_path/Frameworks",
					"@loader_path/Frameworks",
				);
				PRODUCT_BUNDLE_IDENTIFIER = mx.com.jcgm.WMTestTests;
				PRODUCT_NAME = "$(TARGET_NAME)";
				SWIFT_VERSION = 5.0;
				TARGETED_DEVICE_FAMILY = "1,2";
				TEST_HOST = "$(BUILT_PRODUCTS_DIR)/WMTest.app/WMTest";
			};
			name = Debug;
		};
		6614F21624D34A7200B2D809 /* Release */ = {
			isa = XCBuildConfiguration;
			baseConfigurationReference = 7103878F2A3A775BBF2AF354 /* Pods-WMTestTests.release.xcconfig */;
			buildSettings = {
				ALWAYS_EMBED_SWIFT_STANDARD_LIBRARIES = YES;
				BUNDLE_LOADER = "$(TEST_HOST)";
				CODE_SIGN_STYLE = Automatic;
				DEVELOPMENT_TEAM = 47588266MJ;
				INFOPLIST_FILE = WMTestTests/Info.plist;
				IPHONEOS_DEPLOYMENT_TARGET = 13.6;
				LD_RUNPATH_SEARCH_PATHS = (
					"$(inherited)",
					"@executable_path/Frameworks",
					"@loader_path/Frameworks",
				);
				PRODUCT_BUNDLE_IDENTIFIER = mx.com.jcgm.WMTestTests;
				PRODUCT_NAME = "$(TARGET_NAME)";
				SWIFT_VERSION = 5.0;
				TARGETED_DEVICE_FAMILY = "1,2";
				TEST_HOST = "$(BUILT_PRODUCTS_DIR)/WMTest.app/WMTest";
			};
			name = Release;
		};
/* End XCBuildConfiguration section */

/* Begin XCConfigurationList section */
		6614F1ED24D34A6B00B2D809 /* Build configuration list for PBXProject "WMTest" */ = {
			isa = XCConfigurationList;
			buildConfigurations = (
				6614F20F24D34A7200B2D809 /* Debug */,
				6614F21024D34A7200B2D809 /* Release */,
			);
			defaultConfigurationIsVisible = 0;
			defaultConfigurationName = Release;
		};
		6614F21124D34A7200B2D809 /* Build configuration list for PBXNativeTarget "WMTest" */ = {
			isa = XCConfigurationList;
			buildConfigurations = (
				6614F21224D34A7200B2D809 /* Debug */,
				6614F21324D34A7200B2D809 /* Release */,
			);
			defaultConfigurationIsVisible = 0;
			defaultConfigurationName = Release;
		};
		6614F21424D34A7200B2D809 /* Build configuration list for PBXNativeTarget "WMTestTests" */ = {
			isa = XCConfigurationList;
			buildConfigurations = (
				6614F21524D34A7200B2D809 /* Debug */,
				6614F21624D34A7200B2D809 /* Release */,
			);
			defaultConfigurationIsVisible = 0;
			defaultConfigurationName = Release;
		};
/* End XCConfigurationList section */
	};
	rootObject = 6614F1EA24D34A6B00B2D809 /* Project object */;
}
